
Microsoft Visual Studio Solution File, Format Version 12.00
# Visual Studio Version 17
VisualStudioVersion = 17.0.31903.59
MinimumVisualStudioVersion = 10.0.40219.1
Project("{FAE04EC0-301F-11D3-BF4B-00C04F79EFBC}") = "gen_game_unity", "gen_game_unity\gen_game_unity.csproj", "{EC2DD900-E7AD-4CB8-92D0-8595517BA997}"
EndProject
Global
	GlobalSection(SolutionConfigurationPlatforms) = preSolution
		Debug|Any CPU = Debug|Any CPU
		Release|Any CPU = Release|Any CPU
	EndGlobalSection
	GlobalSection(SolutionProperties) = preSolution
		HideSolutionNode = FALSE
	EndGlobalSection
	GlobalSection(ProjectConfigurationPlatforms) = postSolution
		{EC2DD900-E7AD-4CB8-92D0-8595517BA997}.Debug|Any CPU.ActiveCfg = Debug|Any CPU
		{EC2DD900-E7AD-4CB8-92D0-8595517BA997}.Debug|Any CPU.Build.0 = Debug|Any CPU
		{EC2DD900-E7AD-4CB8-92D0-8595517BA997}.Release|Any CPU.ActiveCfg = Release|Any CPU
		{EC2DD900-E7AD-4CB8-92D0-8595517BA997}.Release|Any CPU.Build.0 = Release|Any CPU
	EndGlobalSection
EndGlobal
